
Microsoft Visual Studio Solution File, Format Version 12.00
# Visual Studio 15
VisualStudioVersion = 15.0.26730.16
MinimumVisualStudioVersion = 10.0.40219.1
Project("{FAE04EC0-301F-11D3-BF4B-00C04F79EFBC}") = "BLL", "..\Task4\BLL\BLL.csproj", "{004D5256-FCCB-40D8-8B43-FCA9AF8E5EC5}"
EndProject
Project("{FAE04EC0-301F-11D3-BF4B-00C04F79EFBC}") = "DAL", "..\Task4\Model\DAL.csproj", "{0B5CB886-44D8-4937-A197-5453805510FC}"
EndProject
Project("{FAE04EC0-301F-11D3-BF4B-00C04F79EFBC}") = "PresentationLayer", "..\Task4\PresentationLayer\PresentationLayer.csproj", "{B6D12590-36C9-4378-B065-6D46AAD6CF41}"
EndProject
Project("{FAE04EC0-301F-11D3-BF4B-00C04F79EFBC}") = "WebLayer", "WebLayer\WebLayer.csproj", "{C630DB29-60C1-4364-92E5-31B6D8DB3EAE}"
EndProject
Project("{FAE04EC0-301F-11D3-BF4B-00C04F79EFBC}") = "MVC", "MVC\MVC.csproj", "{06756E36-B307-45C6-A62B-190D7B1B0741}"
EndProject
Project("{FAE04EC0-301F-11D3-BF4B-00C04F79EFBC}") = "ConsoleApp1", "ConsoleApp1\ConsoleApp1.csproj", "{1D539C18-A797-4F47-9000-0197622E8FD1}"
EndProject
Global
	GlobalSection(SolutionConfigurationPlatforms) = preSolution
		Debug|Any CPU = Debug|Any CPU
		Release|Any CPU = Release|Any CPU
	EndGlobalSection
	GlobalSection(ProjectConfigurationPlatforms) = postSolution
		{004D5256-FCCB-40D8-8B43-FCA9AF8E5EC5}.Debug|Any CPU.ActiveCfg = Debug|Any CPU
		{004D5256-FCCB-40D8-8B43-FCA9AF8E5EC5}.Debug|Any CPU.Build.0 = Debug|Any CPU
		{004D5256-FCCB-40D8-8B43-FCA9AF8E5EC5}.Release|Any CPU.ActiveCfg = Release|Any CPU
		{004D5256-FCCB-40D8-8B43-FCA9AF8E5EC5}.Release|Any CPU.Build.0 = Release|Any CPU
		{0B5CB886-44D8-4937-A197-5453805510FC}.Debug|Any CPU.ActiveCfg = Debug|Any CPU
		{0B5CB886-44D8-4937-A197-5453805510FC}.Debug|Any CPU.Build.0 = Debug|Any CPU
		{0B5CB886-44D8-4937-A197-5453805510FC}.Release|Any CPU.ActiveCfg = Release|Any CPU
		{0B5CB886-44D8-4937-A197-5453805510FC}.Release|Any CPU.Build.0 = Release|Any CPU
		{B6D12590-36C9-4378-B065-6D46AAD6CF41}.Debug|Any CPU.ActiveCfg = Debug|Any CPU
		{B6D12590-36C9-4378-B065-6D46AAD6CF41}.Debug|Any CPU.Build.0 = Debug|Any CPU
		{B6D12590-36C9-4378-B065-6D46AAD6CF41}.Release|Any CPU.ActiveCfg = Release|Any CPU
		{B6D12590-36C9-4378-B065-6D46AAD6CF41}.Release|Any CPU.Build.0 = Release|Any CPU
		{C630DB29-60C1-4364-92E5-31B6D8DB3EAE}.Debug|Any CPU.ActiveCfg = Debug|Any CPU
		{C630DB29-60C1-4364-92E5-31B6D8DB3EAE}.Debug|Any CPU.Build.0 = Debug|Any CPU
		{C630DB29-60C1-4364-92E5-31B6D8DB3EAE}.Release|Any CPU.ActiveCfg = Release|Any CPU
		{C630DB29-60C1-4364-92E5-31B6D8DB3EAE}.Release|Any CPU.Build.0 = Release|Any CPU
		{06756E36-B307-45C6-A62B-190D7B1B0741}.Debug|Any CPU.ActiveCfg = Debug|Any CPU
		{06756E36-B307-45C6-A62B-190D7B1B0741}.Debug|Any CPU.Build.0 = Debug|Any CPU
		{06756E36-B307-45C6-A62B-190D7B1B0741}.Release|Any CPU.ActiveCfg = Release|Any CPU
		{06756E36-B307-45C6-A62B-190D7B1B0741}.Release|Any CPU.Build.0 = Release|Any CPU
		{1D539C18-A797-4F47-9000-0197622E8FD1}.Debug|Any CPU.ActiveCfg = Debug|Any CPU
		{1D539C18-A797-4F47-9000-0197622E8FD1}.Debug|Any CPU.Build.0 = Debug|Any CPU
		{1D539C18-A797-4F47-9000-0197622E8FD1}.Release|Any CPU.ActiveCfg = Release|Any CPU
		{1D539C18-A797-4F47-9000-0197622E8FD1}.Release|Any CPU.Build.0 = Release|Any CPU
	EndGlobalSection
	GlobalSection(SolutionProperties) = preSolution
		HideSolutionNode = FALSE
	EndGlobalSection
	GlobalSection(ExtensibilityGlobals) = postSolution
		SolutionGuid = {AC559213-E663-4E5B-A309-567A1B065809}
	EndGlobalSection
EndGlobal
