
Microsoft Visual Studio Solution File, Format Version 12.00
# Visual Studio 15
VisualStudioVersion = 15.0.26730.16
MinimumVisualStudioVersion = 10.0.40219.1
Project("{FAE04EC0-301F-11D3-BF4B-00C04F79EFBC}") = "Task5", "Task5\Task5.csproj", "{802FC12C-EF75-4DD6-98DD-D5B53E5C5A4E}"
EndProject
Global
	GlobalSection(SolutionConfigurationPlatforms) = preSolution
		Debug|Any CPU = Debug|Any CPU
		Release|Any CPU = Release|Any CPU
	EndGlobalSection
	GlobalSection(ProjectConfigurationPlatforms) = postSolution
		{802FC12C-EF75-4DD6-98DD-D5B53E5C5A4E}.Debug|Any CPU.ActiveCfg = Debug|Any CPU
		{802FC12C-EF75-4DD6-98DD-D5B53E5C5A4E}.Debug|Any CPU.Build.0 = Debug|Any CPU
		{802FC12C-EF75-4DD6-98DD-D5B53E5C5A4E}.Release|Any CPU.ActiveCfg = Release|Any CPU
		{802FC12C-EF75-4DD6-98DD-D5B53E5C5A4E}.Release|Any CPU.Build.0 = Release|Any CPU
	EndGlobalSection
	GlobalSection(SolutionProperties) = preSolution
		HideSolutionNode = FALSE
	EndGlobalSection
	GlobalSection(ExtensibilityGlobals) = postSolution
		SolutionGuid = {AC559213-E663-4E5B-A309-567A1B065809}
	EndGlobalSection
EndGlobal
